
Microsoft Visual Studio Solution File, Format Version 12.00
# Visual Studio Version 16
VisualStudioVersion = 16.0.30611.23
MinimumVisualStudioVersion = 10.0.40219.1
Project("{FAE04EC0-301F-11D3-BF4B-00C04F79EFBC}") = "Leccion01_FUNDAMENTOSPOO", "Leccion01_FUNDAMENTOSPOO\Leccion01_FUNDAMENTOSPOO.csproj", "{01C08A58-096F-4680-A648-CE5B00E99F15}"
EndProject
Project("{FAE04EC0-301F-11D3-BF4B-00C04F79EFBC}") = "Lección02FundamentosPOOHerenciaSimple", "Lección02FundamentosPOOHerenciaSimple\Lección02FundamentosPOOHerenciaSimple.csproj", "{8FD9993B-2111-41A1-AD26-29074EC4E3D4}"
EndProject
Project("{FAE04EC0-301F-11D3-BF4B-00C04F79EFBC}") = "Leccion03FundamentosPOOClasesAbstractas", "Leccion03FundamentosPOOClasesAbstractas\Leccion03FundamentosPOOClasesAbstractas.csproj", "{2B35B60E-C5E4-418F-A5C9-1AF4EE3A77DF}"
EndProject
Project("{FAE04EC0-301F-11D3-BF4B-00C04F79EFBC}") = "Ejercicios01", "Ejercicios01\Ejercicios01.csproj", "{0596DB5E-0E37-4BF6-857D-71F170B7C702}"
EndProject
Global
	GlobalSection(SolutionConfigurationPlatforms) = preSolution
		Debug|Any CPU = Debug|Any CPU
		Release|Any CPU = Release|Any CPU
	EndGlobalSection
	GlobalSection(ProjectConfigurationPlatforms) = postSolution
		{01C08A58-096F-4680-A648-CE5B00E99F15}.Debug|Any CPU.ActiveCfg = Debug|Any CPU
		{01C08A58-096F-4680-A648-CE5B00E99F15}.Debug|Any CPU.Build.0 = Debug|Any CPU
		{01C08A58-096F-4680-A648-CE5B00E99F15}.Release|Any CPU.ActiveCfg = Release|Any CPU
		{01C08A58-096F-4680-A648-CE5B00E99F15}.Release|Any CPU.Build.0 = Release|Any CPU
		{8FD9993B-2111-41A1-AD26-29074EC4E3D4}.Debug|Any CPU.ActiveCfg = Debug|Any CPU
		{8FD9993B-2111-41A1-AD26-29074EC4E3D4}.Debug|Any CPU.Build.0 = Debug|Any CPU
		{8FD9993B-2111-41A1-AD26-29074EC4E3D4}.Release|Any CPU.ActiveCfg = Release|Any CPU
		{8FD9993B-2111-41A1-AD26-29074EC4E3D4}.Release|Any CPU.Build.0 = Release|Any CPU
		{2B35B60E-C5E4-418F-A5C9-1AF4EE3A77DF}.Debug|Any CPU.ActiveCfg = Debug|Any CPU
		{2B35B60E-C5E4-418F-A5C9-1AF4EE3A77DF}.Debug|Any CPU.Build.0 = Debug|Any CPU
		{2B35B60E-C5E4-418F-A5C9-1AF4EE3A77DF}.Release|Any CPU.ActiveCfg = Release|Any CPU
		{2B35B60E-C5E4-418F-A5C9-1AF4EE3A77DF}.Release|Any CPU.Build.0 = Release|Any CPU
		{0596DB5E-0E37-4BF6-857D-71F170B7C702}.Debug|Any CPU.ActiveCfg = Debug|Any CPU
		{0596DB5E-0E37-4BF6-857D-71F170B7C702}.Debug|Any CPU.Build.0 = Debug|Any CPU
		{0596DB5E-0E37-4BF6-857D-71F170B7C702}.Release|Any CPU.ActiveCfg = Release|Any CPU
		{0596DB5E-0E37-4BF6-857D-71F170B7C702}.Release|Any CPU.Build.0 = Release|Any CPU
	EndGlobalSection
	GlobalSection(SolutionProperties) = preSolution
		HideSolutionNode = FALSE
	EndGlobalSection
	GlobalSection(ExtensibilityGlobals) = postSolution
		SolutionGuid = {9BB4EBC3-B539-43C9-835B-B12AF3541D26}
	EndGlobalSection
EndGlobal
