
Microsoft Visual Studio Solution File, Format Version 12.00
# Visual Studio Version 16
VisualStudioVersion = 16.0.30611.23
MinimumVisualStudioVersion = 10.0.40219.1
Project("{FAE04EC0-301F-11D3-BF4B-00C04F79EFBC}") = "BLL_P01", "BLL_P01\BLL_P01.csproj", "{7E5E55F4-4D78-4650-A5E5-52E6136E01B5}"
EndProject
Project("{FAE04EC0-301F-11D3-BF4B-00C04F79EFBC}") = "PL_WindowsFormsApp_Punto01", "PL_WindowsFormsApp_Punto01\PL_WindowsFormsApp_Punto01.csproj", "{9BECB69E-3EEC-46DD-AEA7-B8AFB6496E3C}"
EndProject
Global
	GlobalSection(SolutionConfigurationPlatforms) = preSolution
		Debug|Any CPU = Debug|Any CPU
		Release|Any CPU = Release|Any CPU
	EndGlobalSection
	GlobalSection(ProjectConfigurationPlatforms) = postSolution
		{7E5E55F4-4D78-4650-A5E5-52E6136E01B5}.Debug|Any CPU.ActiveCfg = Debug|Any CPU
		{7E5E55F4-4D78-4650-A5E5-52E6136E01B5}.Debug|Any CPU.Build.0 = Debug|Any CPU
		{7E5E55F4-4D78-4650-A5E5-52E6136E01B5}.Release|Any CPU.ActiveCfg = Release|Any CPU
		{7E5E55F4-4D78-4650-A5E5-52E6136E01B5}.Release|Any CPU.Build.0 = Release|Any CPU
		{9BECB69E-3EEC-46DD-AEA7-B8AFB6496E3C}.Debug|Any CPU.ActiveCfg = Debug|Any CPU
		{9BECB69E-3EEC-46DD-AEA7-B8AFB6496E3C}.Debug|Any CPU.Build.0 = Debug|Any CPU
		{9BECB69E-3EEC-46DD-AEA7-B8AFB6496E3C}.Release|Any CPU.ActiveCfg = Release|Any CPU
		{9BECB69E-3EEC-46DD-AEA7-B8AFB6496E3C}.Release|Any CPU.Build.0 = Release|Any CPU
	EndGlobalSection
	GlobalSection(SolutionProperties) = preSolution
		HideSolutionNode = FALSE
	EndGlobalSection
	GlobalSection(ExtensibilityGlobals) = postSolution
		SolutionGuid = {B8AD0116-1773-41E4-A33A-E5F23DF2E46B}
	EndGlobalSection
EndGlobal
